<Solution>
  <Folder Name="/Ejercicos de clases/">
    <Project Path="Ejercicio Clases/Ejercicio Clases.csproj" Id="6db58b20-6982-4002-9a04-f1bc8261a469" />
  </Folder>
  <Folder Name="/Practica de Arrays/">
    <Project Path="Ejercicio de practica/Ejercicio de practica.csproj" Id="20aa85ec-07bf-4eef-bd41-4d32b2157dea" />
    <Project Path="Segundo ejercicio de Arrays/Segundo ejercicio de Arrays.csproj" Id="fab8da05-75e6-49bf-b40e-6c5524b5640d" />
  </Folder>
  <Project Path="Arrays-Operaciones/Arrays-Operaciones.csproj" Id="f1d6a2e2-cfff-4064-99d6-06090087f1cf" />
  <Project Path="Arrays/Arrays.csproj" Id="089fa391-3d42-4448-a643-dfccca1fef8e" />
  <Project Path="Bucle Break-Continue/Bucle Break-Continue.csproj" Id="3d04b8ff-db9e-4efa-955d-711a910bf232" />
  <Project Path="Bucle DO-WHILE/Bucle DO-WHILE.csproj" Id="71102312-ba4e-4e66-b00c-03d039409f7d" />
  <Project Path="Bucle While/Bucle While.csproj" Id="37f26508-360d-4e26-b35c-44de1b55ea1e" />
  <Project Path="Casting/Casting.csproj" Id="7aca5d02-6e8b-4d73-845a-7b0f44a0724a" />
  <Project Path="Ciclo FOR/Ciclo FOR.csproj" Id="9f4b3a28-ea6f-4dc6-bfed-ef9faef8e00d" />
  <Project Path="Clases String/Clases String.csproj" Id="49ab8ea3-78a3-4433-ad38-6315b934428a" />
  <Project Path="Clases/Clases.csproj" Id="01846e89-3ee5-41f2-ad55-7aae016e1851" />
  <Project Path="Concatenacion/Concatenacion.csproj" />
  <Project Path="Condicional Switch - Case/Condicional Switch - Case.csproj" Id="89ef9a20-e5c8-41e6-acb2-867d59257e5c" />
  <Project Path="Condicionales IF, ELSE,  ELSE IF/Condicionales IF, ELSE,  ELSE IF.csproj" Id="69b72bde-106c-4594-820d-b033991daae7" />
  <Project Path="Condicionales Switch Expresiones/Condicionales Switch Expresiones.csproj" Id="9b2a1769-012f-416b-b0d1-99b81b962717" />
  <Project Path="Ejercicio 3/Ejercicio 3.csproj" Id="0e8417c9-6a66-4244-9ec5-bdf3600b557b" />
  <Project Path="Ejercicios de practica 2/Ejercicios de practica 2.csproj" Id="46aede6d-d4b1-4fdc-8c29-e9a9709dd579" />
  <Project Path="Ejercicios de practica/Ejercicios de practica.csproj" Id="e6b3930b-9400-4d65-92d4-c19240166060" />
  <Project Path="Entrada de Datos/Entrada de Datos.csproj" Id="17c8f290-6d05-4c42-840f-f1cb3e6cb0f4" />
  <Project Path="Función MATH/Función MATH.csproj" Id="6e2370e1-6ca2-47ff-bb28-e6122acbba88" />
  <Project Path="Incremento y Decremento/Incremento y Decremento.csproj" Id="ab871aa3-0ae1-4a0e-8d76-2add46d0d5b3" />
  <Project Path="Metodos con parametros/Metodos con parametros.csproj" Id="e472f5dc-d436-4086-a7d9-57907c3e326e" />
  <Project Path="Metodos/Metodos.csproj" Id="a3ecbbce-5fda-4420-91a8-90c50c1b6360" />
  <Project Path="Operadores aritmeticos/Operadores aritmeticos.csproj" Id="9711ce79-2c4a-4094-875f-2b6b55e4b7c6" />
  <Project Path="Operadores de comparación/Operadores de comparación.csproj" Id="0ca411d3-c2a2-41e0-9f0f-a86e505fa0f2" />
  <Project Path="Operadores Logicós/Operadores Logicós.csproj" Id="42d56f35-c9aa-45eb-ace4-6059e91bed6d" />
  <Project Path="Proyectos/Proyectos.csproj" />
</Solution>
